
Microsoft Visual Studio Solution File, Format Version 12.00
# Visual Studio Version 17
VisualStudioVersion = 17.3.32611.2
MinimumVisualStudioVersion = 10.0.40219.1
Project("{9A19103F-16F7-4668-BE54-9A1E7A4F7556}") = "FileShare.Api", "FileShare.Api\FileShare.Api.csproj", "{5FCB7F42-6976-4F35-A8F9-A6EF51114AFA}"
EndProject
Project("{9A19103F-16F7-4668-BE54-9A1E7A4F7556}") = "FileShare.DataAccess", "FileShare.DataAccess\FileShare.DataAccess.csproj", "{676D071C-7283-4E8D-89FA-F20E44A47949}"
EndProject
Project("{9A19103F-16F7-4668-BE54-9A1E7A4F7556}") = "FileShare.DataAccess.Base", "FileShare.DataAccess.Base\FileShare.DataAccess.Base.csproj", "{81B2B932-6DD3-40B0-ADD9-E9EBBE963D45}"
EndProject
Project("{9A19103F-16F7-4668-BE54-9A1E7A4F7556}") = "FileShare.Service", "FileShare.Service\FileShare.Service.csproj", "{CC1649BF-FF32-4439-9812-26A16904AA79}"
EndProject
Project("{2150E333-8FDC-42A3-9474-1A3956D46DE8}") = "Solution Items", "Solution Items", "{7873A044-A9ED-4F56-BFAE-351660ADDFCF}"
	ProjectSection(SolutionItems) = preProject
		LICENSE = LICENSE
		README.md = README.md
		TODO.md = TODO.md
	EndProjectSection
EndProject
Project("{9A19103F-16F7-4668-BE54-9A1E7A4F7556}") = "FileShare.Utilities", "FileShare.Utilities\FileShare.Utilities.csproj", "{BB363E2C-ED62-42E3-840D-97A33047553E}"
EndProject
Project("{9A19103F-16F7-4668-BE54-9A1E7A4F7556}") = "FileShare.XUnitTests", "FileShare.XUnitTests\FileShare.XUnitTests.csproj", "{4F0EDA32-611B-4FB3-80BD-85F5A0FA6D51}"
EndProject
Global
	GlobalSection(SolutionConfigurationPlatforms) = preSolution
		Debug|Any CPU = Debug|Any CPU
		Release|Any CPU = Release|Any CPU
	EndGlobalSection
	GlobalSection(ProjectConfigurationPlatforms) = postSolution
		{5FCB7F42-6976-4F35-A8F9-A6EF51114AFA}.Debug|Any CPU.ActiveCfg = Debug|Any CPU
		{5FCB7F42-6976-4F35-A8F9-A6EF51114AFA}.Debug|Any CPU.Build.0 = Debug|Any CPU
		{5FCB7F42-6976-4F35-A8F9-A6EF51114AFA}.Release|Any CPU.ActiveCfg = Release|Any CPU
		{5FCB7F42-6976-4F35-A8F9-A6EF51114AFA}.Release|Any CPU.Build.0 = Release|Any CPU
		{676D071C-7283-4E8D-89FA-F20E44A47949}.Debug|Any CPU.ActiveCfg = Debug|Any CPU
		{676D071C-7283-4E8D-89FA-F20E44A47949}.Debug|Any CPU.Build.0 = Debug|Any CPU
		{676D071C-7283-4E8D-89FA-F20E44A47949}.Release|Any CPU.ActiveCfg = Release|Any CPU
		{676D071C-7283-4E8D-89FA-F20E44A47949}.Release|Any CPU.Build.0 = Release|Any CPU
		{81B2B932-6DD3-40B0-ADD9-E9EBBE963D45}.Debug|Any CPU.ActiveCfg = Debug|Any CPU
		{81B2B932-6DD3-40B0-ADD9-E9EBBE963D45}.Debug|Any CPU.Build.0 = Debug|Any CPU
		{81B2B932-6DD3-40B0-ADD9-E9EBBE963D45}.Release|Any CPU.ActiveCfg = Release|Any CPU
		{81B2B932-6DD3-40B0-ADD9-E9EBBE963D45}.Release|Any CPU.Build.0 = Release|Any CPU
		{CC1649BF-FF32-4439-9812-26A16904AA79}.Debug|Any CPU.ActiveCfg = Debug|Any CPU
		{CC1649BF-FF32-4439-9812-26A16904AA79}.Debug|Any CPU.Build.0 = Debug|Any CPU
		{CC1649BF-FF32-4439-9812-26A16904AA79}.Release|Any CPU.ActiveCfg = Release|Any CPU
		{CC1649BF-FF32-4439-9812-26A16904AA79}.Release|Any CPU.Build.0 = Release|Any CPU
		{BB363E2C-ED62-42E3-840D-97A33047553E}.Debug|Any CPU.ActiveCfg = Debug|Any CPU
		{BB363E2C-ED62-42E3-840D-97A33047553E}.Debug|Any CPU.Build.0 = Debug|Any CPU
		{BB363E2C-ED62-42E3-840D-97A33047553E}.Release|Any CPU.ActiveCfg = Release|Any CPU
		{BB363E2C-ED62-42E3-840D-97A33047553E}.Release|Any CPU.Build.0 = Release|Any CPU
		{4F0EDA32-611B-4FB3-80BD-85F5A0FA6D51}.Debug|Any CPU.ActiveCfg = Debug|Any CPU
		{4F0EDA32-611B-4FB3-80BD-85F5A0FA6D51}.Debug|Any CPU.Build.0 = Debug|Any CPU
		{4F0EDA32-611B-4FB3-80BD-85F5A0FA6D51}.Release|Any CPU.ActiveCfg = Release|Any CPU
		{4F0EDA32-611B-4FB3-80BD-85F5A0FA6D51}.Release|Any CPU.Build.0 = Release|Any CPU
	EndGlobalSection
	GlobalSection(SolutionProperties) = preSolution
		HideSolutionNode = FALSE
	EndGlobalSection
	GlobalSection(ExtensibilityGlobals) = postSolution
		SolutionGuid = {00D70D10-08F3-4679-ACBB-534B049A5D32}
	EndGlobalSection
EndGlobal
